// !$*UTF8*$!
{
	archiveVersion = 1;
	classes = {
	};
	objectVersion = 77;
	objects = {

/* Begin PBXContainerItemProxy section */
		4360807D2E82B1AE0021E53E /* PBXContainerItemProxy */ = {
			isa = PBXContainerItemProxy;
			containerPortal = 4360805E2E82B1AC0021E53E /* Project object */;
			proxyType = 1;
			remoteGlobalIDString = 436080652E82B1AC0021E53E;
			remoteInfo = effectivemobile;
		};
		436080872E82B1AE0021E53E /* PBXContainerItemProxy */ = {
			isa = PBXContainerItemProxy;
			containerPortal = 4360805E2E82B1AC0021E53E /* Project object */;
			proxyType = 1;
			remoteGlobalIDString = 436080652E82B1AC0021E53E;
			remoteInfo = effectivemobile;
		};
/* End PBXContainerItemProxy section */

/* Begin PBXFileReference section */
		436080662E82B1AC0021E53E /* effectivemobile.app */ = {isa = PBXFileReference; explicitFileType = wrapper.application; includeInIndex = 0; path = effectivemobile.app; sourceTree = BUILT_PRODUCTS_DIR; };
		4360807C2E82B1AE0021E53E /* effectivemobileTests.xctest */ = {isa = PBXFileReference; explicitFileType = wrapper.cfbundle; includeInIndex = 0; path = effectivemobileTests.xctest; sourceTree = BUILT_PRODUCTS_DIR; };
		436080862E82B1AE0021E53E /* effectivemobileUITests.xctest */ = {isa = PBXFileReference; explicitFileType = wrapper.cfbundle; includeInIndex = 0; path = effectivemobileUITests.xctest; sourceTree = BUILT_PRODUCTS_DIR; };
/* End PBXFileReference section */

/* Begin PBXFileSystemSynchronizedBuildFileExceptionSet section */
		4360808E2E82B1AE0021E53E /* Exceptions for "effectivemobile" folder in "effectivemobile" target */ = {
			isa = PBXFileSystemSynchronizedBuildFileExceptionSet;
			membershipExceptions = (
				Info.plist,
			);
			target = 436080652E82B1AC0021E53E /* effectivemobile */;
		};
/* End PBXFileSystemSynchronizedBuildFileExceptionSet section */

/* Begin PBXFileSystemSynchronizedRootGroup section */
		436080682E82B1AC0021E53E /* effectivemobile */ = {
			isa = PBXFileSystemSynchronizedRootGroup;
			exceptions = (
				4360808E2E82B1AE0021E53E /* Exceptions for "effectivemobile" folder in "effectivemobile" target */,
			);
			path = effectivemobile;
			sourceTree = "<group>";
		};
		4360807F2E82B1AE0021E53E /* effectivemobileTests */ = {
			isa = PBXFileSystemSynchronizedRootGroup;
			path = effectivemobileTests;
			sourceTree = "<group>";
		};
		436080892E82B1AE0021E53E /* effectivemobileUITests */ = {
			isa = PBXFileSystemSynchronizedRootGroup;
			path = effectivemobileUITests;
			sourceTree = "<group>";
		};
/* End PBXFileSystemSynchronizedRootGroup section */

/* Begin PBXFrameworksBuildPhase section */
		436080632E82B1AC0021E53E /* Frameworks */ = {
			isa = PBXFrameworksBuildPhase;
			buildActionMask = 2147483647;
			files = (
			);
			runOnlyForDeploymentPostprocessing = 0;
		};
		436080792E82B1AE0021E53E /* Frameworks */ = {
			isa = PBXFrameworksBuildPhase;
			buildActionMask = 2147483647;
			files = (
			);
			runOnlyForDeploymentPostprocessing = 0;
		};
		436080832E82B1AE0021E53E /* Frameworks */ = {
			isa = PBXFrameworksBuildPhase;
			buildActionMask = 2147483647;
			files = (
			);
			runOnlyForDeploymentPostprocessing = 0;
		};
/* End PBXFrameworksBuildPhase section */

/* Begin PBXGroup section */
		4360805D2E82B1AC0021E53E = {
			isa = PBXGroup;
			children = (
				436080682E82B1AC0021E53E /* effectivemobile */,
				4360807F2E82B1AE0021E53E /* effectivemobileTests */,
				436080892E82B1AE0021E53E /* effectivemobileUITests */,
				436080672E82B1AC0021E53E /* Products */,
			);
			sourceTree = "<group>";
		};
		436080672E82B1AC0021E53E /* Products */ = {
			isa = PBXGroup;
			children = (
				436080662E82B1AC0021E53E /* effectivemobile.app */,
				4360807C2E82B1AE0021E53E /* effectivemobileTests.xctest */,
				436080862E82B1AE0021E53E /* effectivemobileUITests.xctest */,
			);
			name = Products;
			sourceTree = "<group>";
		};
/* End PBXGroup section */

/* Begin PBXNativeTarget section */
		436080652E82B1AC0021E53E /* effectivemobile */ = {
			isa = PBXNativeTarget;
			buildConfigurationList = 4360808F2E82B1AE0021E53E /* Build configuration list for PBXNativeTarget "effectivemobile" */;
			buildPhases = (
				436080622E82B1AC0021E53E /* Sources */,
				436080632E82B1AC0021E53E /* Frameworks */,
				436080642E82B1AC0021E53E /* Resources */,
			);
			buildRules = (
			);
			dependencies = (
			);
			fileSystemSynchronizedGroups = (
				436080682E82B1AC0021E53E /* effectivemobile */,
			);
			name = effectivemobile;
			packageProductDependencies = (
			);
			productName = effectivemobile;
			productReference = 436080662E82B1AC0021E53E /* effectivemobile.app */;
			productType = "com.apple.product-type.application";
		};
		4360807B2E82B1AE0021E53E /* effectivemobileTests */ = {
			isa = PBXNativeTarget;
			buildConfigurationList = 436080942E82B1AE0021E53E /* Build configuration list for PBXNativeTarget "effectivemobileTests" */;
			buildPhases = (
				436080782E82B1AE0021E53E /* Sources */,
				436080792E82B1AE0021E53E /* Frameworks */,
				4360807A2E82B1AE0021E53E /* Resources */,
			);
			buildRules = (
			);
			dependencies = (
				4360807E2E82B1AE0021E53E /* PBXTargetDependency */,
			);
			fileSystemSynchronizedGroups = (
				4360807F2E82B1AE0021E53E /* effectivemobileTests */,
			);
			name = effectivemobileTests;
			packageProductDependencies = (
			);
			productName = effectivemobileTests;
			productReference = 4360807C2E82B1AE0021E53E /* effectivemobileTests.xctest */;
			productType = "com.apple.product-type.bundle.unit-test";
		};
		436080852E82B1AE0021E53E /* effectivemobileUITests */ = {
			isa = PBXNativeTarget;
			buildConfigurationList = 436080972E82B1AE0021E53E /* Build configuration list for PBXNativeTarget "effectivemobileUITests" */;
			buildPhases = (
				436080822E82B1AE0021E53E /* Sources */,
				436080832E82B1AE0021E53E /* Frameworks */,
				436080842E82B1AE0021E53E /* Resources */,
			);
			buildRules = (
			);
			dependencies = (
				436080882E82B1AE0021E53E /* PBXTargetDependency */,
			);
			fileSystemSynchronizedGroups = (
				436080892E82B1AE0021E53E /* effectivemobileUITests */,
			);
			name = effectivemobileUITests;
			packageProductDependencies = (
			);
			productName = effectivemobileUITests;
			productReference = 436080862E82B1AE0021E53E /* effectivemobileUITests.xctest */;
			productType = "com.apple.product-type.bundle.ui-testing";
		};
/* End PBXNativeTarget section */

/* Begin PBXProject section */
		4360805E2E82B1AC0021E53E /* Project object */ = {
			isa = PBXProject;
			attributes = {
				BuildIndependentTargetsInParallel = 1;
				LastSwiftUpdateCheck = 1630;
				LastUpgradeCheck = 1630;
				TargetAttributes = {
					436080652E82B1AC0021E53E = {
						CreatedOnToolsVersion = 16.3;
					};
					4360807B2E82B1AE0021E53E = {
						CreatedOnToolsVersion = 16.3;
						TestTargetID = 436080652E82B1AC0021E53E;
					};
					436080852E82B1AE0021E53E = {
						CreatedOnToolsVersion = 16.3;
						TestTargetID = 436080652E82B1AC0021E53E;
					};
				};
			};
			buildConfigurationList = 436080612E82B1AC0021E53E /* Build configuration list for PBXProject "effectivemobile" */;
			developmentRegion = en;
			hasScannedForEncodings = 0;
			knownRegions = (
				en,
				Base,
			);
			mainGroup = 4360805D2E82B1AC0021E53E;
			minimizedProjectReferenceProxies = 1;
			preferredProjectObjectVersion = 77;
			productRefGroup = 436080672E82B1AC0021E53E /* Products */;
			projectDirPath = "";
			projectRoot = "";
			targets = (
				436080652E82B1AC0021E53E /* effectivemobile */,
				4360807B2E82B1AE0021E53E /* effectivemobileTests */,
				436080852E82B1AE0021E53E /* effectivemobileUITests */,
			);
		};
/* End PBXProject section */

/* Begin PBXResourcesBuildPhase section */
		436080642E82B1AC0021E53E /* Resources */ = {
			isa = PBXResourcesBuildPhase;
			buildActionMask = 2147483647;
			files = (
			);
			runOnlyForDeploymentPostprocessing = 0;
		};
		4360807A2E82B1AE0021E53E /* Resources */ = {
			isa = PBXResourcesBuildPhase;
			buildActionMask = 2147483647;
			files = (
			);
			runOnlyForDeploymentPostprocessing = 0;
		};
		436080842E82B1AE0021E53E /* Resources */ = {
			isa = PBXResourcesBuildPhase;
			buildActionMask = 2147483647;
			files = (
			);
			runOnlyForDeploymentPostprocessing = 0;
		};
/* End PBXResourcesBuildPhase section */

/* Begin PBXSourcesBuildPhase section */
		436080622E82B1AC0021E53E /* Sources */ = {
			isa = PBXSourcesBuildPhase;
			buildActionMask = 2147483647;
			files = (
			);
			runOnlyForDeploymentPostprocessing = 0;
		};
		436080782E82B1AE0021E53E /* Sources */ = {
			isa = PBXSourcesBuildPhase;
			buildActionMask = 2147483647;
			files = (
			);
			runOnlyForDeploymentPostprocessing = 0;
		};
		436080822E82B1AE0021E53E /* Sources */ = {
			isa = PBXSourcesBuildPhase;
			buildActionMask = 2147483647;
			files = (
			);
			runOnlyForDeploymentPostprocessing = 0;
		};
/* End PBXSourcesBuildPhase section */

/* Begin PBXTargetDependency section */
		4360807E2E82B1AE0021E53E /* PBXTargetDependency */ = {
			isa = PBXTargetDependency;
			target = 436080652E82B1AC0021E53E /* effectivemobile */;
			targetProxy = 4360807D2E82B1AE0021E53E /* PBXContainerItemProxy */;
		};
		436080882E82B1AE0021E53E /* PBXTargetDependency */ = {
			isa = PBXTargetDependency;
			target = 436080652E82B1AC0021E53E /* effectivemobile */;
			targetProxy = 436080872E82B1AE0021E53E /* PBXContainerItemProxy */;
		};
/* End PBXTargetDependency section */

/* Begin XCBuildConfiguration section */
		436080902E82B1AE0021E53E /* Debug */ = {
			isa = XCBuildConfiguration;
			buildSettings = {
				ASSETCATALOG_COMPILER_APPICON_NAME = AppIcon;
				ASSETCATALOG_COMPILER_GLOBAL_ACCENT_COLOR_NAME = AccentColor;
				CODE_SIGN_STYLE = Automatic;
				CURRENT_PROJECT_VERSION = 1;
				DEVELOPMENT_TEAM = 2G9P37MK73;
				GENERATE_INFOPLIST_FILE = YES;
				INFOPLIST_FILE = effectivemobile/Info.plist;
				INFOPLIST_KEY_UIApplicationSupportsIndirectInputEvents = YES;
				INFOPLIST_KEY_UILaunchStoryboardName = LaunchScreen;
				INFOPLIST_KEY_UIMainStoryboardFile = Main;
				INFOPLIST_KEY_UISupportedInterfaceOrientations_iPad = "UIInterfaceOrientationPortrait UIInterfaceOrientationPortraitUpsideDown UIInterfaceOrientationLandscapeLeft UIInterfaceOrientationLandscapeRight";
				INFOPLIST_KEY_UISupportedInterfaceOrientations_iPhone = "UIInterfaceOrientationPortrait UIInterfaceOrientationLandscapeLeft UIInterfaceOrientationLandscapeRight";
				LD_RUNPATH_SEARCH_PATHS = (
					"$(inherited)",
					"@executable_path/Frameworks",
				);
				MARKETING_VERSION = 1.0;
				PRODUCT_BUNDLE_IDENTIFIER = com.yeldana.effectivemobile;
				PRODUCT_NAME = "$(TARGET_NAME)";
				SWIFT_EMIT_LOC_STRINGS = YES;
				SWIFT_VERSION = 5.0;
				TARGETED_DEVICE_FAMILY = "1,2";
			};
			name = Debug;
		};
		436080912E82B1AE0021E53E /* Release */ = {
			isa = XCBuildConfiguration;
			buildSettings = {
				ASSETCATALOG_COMPILER_APPICON_NAME = AppIcon;
				ASSETCATALOG_COMPILER_GLOBAL_ACCENT_COLOR_NAME = AccentColor;
				CODE_SIGN_STYLE = Automatic;
				CURRENT_PROJECT_VERSION = 1;
				DEVELOPMENT_TEAM = 2G9P37MK73;
				GENERATE_INFOPLIST_FILE = YES;
				INFOPLIST_FILE = effectivemobile/Info.plist;
				INFOPLIST_KEY_UIApplicationSupportsIndirectInputEvents = YES;
				INFOPLIST_KEY_UILaunchStoryboardName = LaunchScreen;
				INFOPLIST_KEY_UIMainStoryboardFile = Main;
				INFOPLIST_KEY_UISupportedInterfaceOrientations_iPad = "UIInterfaceOrientationPortrait UIInterfaceOrientationPortraitUpsideDown UIInterfaceOrientationLandscapeLeft UIInterfaceOrientationLandscapeRight";
				INFOPLIST_KEY_UISupportedInterfaceOrientations_iPhone = "UIInterfaceOrientationPortrait UIInterfaceOrientationLandscapeLeft UIInterfaceOrientationLandscapeRight";
				LD_RUNPATH_SEARCH_PATHS = (
					"$(inherited)",
					"@executable_path/Frameworks",
				);
				MARKETING_VERSION = 1.0;
				PRODUCT_BUNDLE_IDENTIFIER = com.yeldana.effectivemobile;
				PRODUCT_NAME = "$(TARGET_NAME)";
				SWIFT_EMIT_LOC_STRINGS = YES;
				SWIFT_VERSION = 5.0;
				TARGETED_DEVICE_FAMILY = "1,2";
			};
			name = Release;
		};
		436080922E82B1AE0021E53E /* Debug */ = {
			isa = XCBuildConfiguration;
			buildSettings = {
				ALWAYS_SEARCH_USER_PATHS = NO;
				ASSETCATALOG_COMPILER_GENERATE_SWIFT_ASSET_SYMBOL_EXTENSIONS = YES;
				CLANG_ANALYZER_NONNULL = YES;
				CLANG_ANALYZER_NUMBER_OBJECT_CONVERSION = YES_AGGRESSIVE;
				CLANG_CXX_LANGUAGE_STANDARD = "gnu++20";
				CLANG_ENABLE_MODULES = YES;
				CLANG_ENABLE_OBJC_ARC = YES;
				CLANG_ENABLE_OBJC_WEAK = YES;
				CLANG_WARN_BLOCK_CAPTURE_AUTORELEASING = YES;
				CLANG_WARN_BOOL_CONVERSION = YES;
				CLANG_WARN_COMMA = YES;
				CLANG_WARN_CONSTANT_CONVERSION = YES;
				CLANG_WARN_DEPRECATED_OBJC_IMPLEMENTATIONS = YES;
				CLANG_WARN_DIRECT_OBJC_ISA_USAGE = YES_ERROR;
				CLANG_WARN_DOCUMENTATION_COMMENTS = YES;
				CLANG_WARN_EMPTY_BODY = YES;
				CLANG_WARN_ENUM_CONVERSION = YES;
				CLANG_WARN_INFINITE_RECURSION = YES;
				CLANG_WARN_INT_CONVERSION = YES;
				CLANG_WARN_NON_LITERAL_NULL_CONVERSION = YES;
				CLANG_WARN_OBJC_IMPLICIT_RETAIN_SELF = YES;
				CLANG_WARN_OBJC_LITERAL_CONVERSION = YES;
				CLANG_WARN_OBJC_ROOT_CLASS = YES_ERROR;
				CLANG_WARN_QUOTED_INCLUDE_IN_FRAMEWORK_HEADER = YES;
				CLANG_WARN_RANGE_LOOP_ANALYSIS = YES;
				CLANG_WARN_STRICT_PROTOTYPES = YES;
				CLANG_WARN_SUSPICIOUS_MOVE = YES;
				CLANG_WARN_UNGUARDED_AVAILABILITY = YES_AGGRESSIVE;
				CLANG_WARN_UNREACHABLE_CODE = YES;
				CLANG_WARN__DUPLICATE_METHOD_MATCH = YES;
				COPY_PHASE_STRIP = NO;
				DEBUG_INFORMATION_FORMAT = dwarf;
				DEVELOPMENT_TEAM = 2G9P37MK73;
				ENABLE_STRICT_OBJC_MSGSEND = YES;
				ENABLE_TESTABILITY = YES;
				ENABLE_USER_SCRIPT_SANDBOXING = YES;
				GCC_C_LANGUAGE_STANDARD = gnu17;
				GCC_DYNAMIC_NO_PIC = NO;
				GCC_NO_COMMON_BLOCKS = YES;
				GCC_OPTIMIZATION_LEVEL = 0;
				GCC_PREPROCESSOR_DEFINITIONS = (
					"DEBUG=1",
					"$(inherited)",
				);
				GCC_WARN_64_TO_32_BIT_CONVERSION = YES;
				GCC_WARN_ABOUT_RETURN_TYPE = YES_ERROR;
				GCC_WARN_UNDECLARED_SELECTOR = YES;
				GCC_WARN_UNINITIALIZED_AUTOS = YES_AGGRESSIVE;
				GCC_WARN_UNUSED_FUNCTION = YES;
				GCC_WARN_UNUSED_VARIABLE = YES;
				IPHONEOS_DEPLOYMENT_TARGET = 18.4;
				LOCALIZATION_PREFERS_STRING_CATALOGS = YES;
				MTL_ENABLE_DEBUG_INFO = INCLUDE_SOURCE;
				MTL_FAST_MATH = YES;
				ONLY_ACTIVE_ARCH = YES;
				SDKROOT = iphoneos;
				SWIFT_ACTIVE_COMPILATION_CONDITIONS = "DEBUG $(inherited)";
				SWIFT_OPTIMIZATION_LEVEL = "-Onone";
			};
			name = Debug;
		};
		436080932E82B1AE0021E53E /* Release */ = {
			isa = XCBuildConfiguration;
			buildSettings = {
				ALWAYS_SEARCH_USER_PATHS = NO;
				ASSETCATALOG_COMPILER_GENERATE_SWIFT_ASSET_SYMBOL_EXTENSIONS = YES;
				CLANG_ANALYZER_NONNULL = YES;
				CLANG_ANALYZER_NUMBER_OBJECT_CONVERSION = YES_AGGRESSIVE;
				CLANG_CXX_LANGUAGE_STANDARD = "gnu++20";
				CLANG_ENABLE_MODULES = YES;
				CLANG_ENABLE_OBJC_ARC = YES;
				CLANG_ENABLE_OBJC_WEAK = YES;
				CLANG_WARN_BLOCK_CAPTURE_AUTORELEASING = YES;
				CLANG_WARN_BOOL_CONVERSION = YES;
				CLANG_WARN_COMMA = YES;
				CLANG_WARN_CONSTANT_CONVERSION = YES;
				CLANG_WARN_DEPRECATED_OBJC_IMPLEMENTATIONS = YES;
				CLANG_WARN_DIRECT_OBJC_ISA_USAGE = YES_ERROR;
				CLANG_WARN_DOCUMENTATION_COMMENTS = YES;
				CLANG_WARN_EMPTY_BODY = YES;
				CLANG_WARN_ENUM_CONVERSION = YES;
				CLANG_WARN_INFINITE_RECURSION = YES;
				CLANG_WARN_INT_CONVERSION = YES;
				CLANG_WARN_NON_LITERAL_NULL_CONVERSION = YES;
				CLANG_WARN_OBJC_IMPLICIT_RETAIN_SELF = YES;
				CLANG_WARN_OBJC_LITERAL_CONVERSION = YES;
				CLANG_WARN_OBJC_ROOT_CLASS = YES_ERROR;
				CLANG_WARN_QUOTED_INCLUDE_IN_FRAMEWORK_HEADER = YES;
				CLANG_WARN_RANGE_LOOP_ANALYSIS = YES;
				CLANG_WARN_STRICT_PROTOTYPES = YES;
				CLANG_WARN_SUSPICIOUS_MOVE = YES;
				CLANG_WARN_UNGUARDED_AVAILABILITY = YES_AGGRESSIVE;
				CLANG_WARN_UNREACHABLE_CODE = YES;
				CLANG_WARN__DUPLICATE_METHOD_MATCH = YES;
				COPY_PHASE_STRIP = NO;
				DEBUG_INFORMATION_FORMAT = "dwarf-with-dsym";
				DEVELOPMENT_TEAM = 2G9P37MK73;
				ENABLE_NS_ASSERTIONS = NO;
				ENABLE_STRICT_OBJC_MSGSEND = YES;
				ENABLE_USER_SCRIPT_SANDBOXING = YES;
				GCC_C_LANGUAGE_STANDARD = gnu17;
				GCC_NO_COMMON_BLOCKS = YES;
				GCC_WARN_64_TO_32_BIT_CONVERSION = YES;
				GCC_WARN_ABOUT_RETURN_TYPE = YES_ERROR;
				GCC_WARN_UNDECLARED_SELECTOR = YES;
				GCC_WARN_UNINITIALIZED_AUTOS = YES_AGGRESSIVE;
				GCC_WARN_UNUSED_FUNCTION = YES;
				GCC_WARN_UNUSED_VARIABLE = YES;
				IPHONEOS_DEPLOYMENT_TARGET = 18.4;
				LOCALIZATION_PREFERS_STRING_CATALOGS = YES;
				MTL_ENABLE_DEBUG_INFO = NO;
				MTL_FAST_MATH = YES;
				SDKROOT = iphoneos;
				SWIFT_COMPILATION_MODE = wholemodule;
				VALIDATE_PRODUCT = YES;
			};
			name = Release;
		};
		436080952E82B1AE0021E53E /* Debug */ = {
			isa = XCBuildConfiguration;
			buildSettings = {
				BUNDLE_LOADER = "$(TEST_HOST)";
				CODE_SIGN_STYLE = Automatic;
				CURRENT_PROJECT_VERSION = 1;
				DEVELOPMENT_TEAM = 2G9P37MK73;
				GENERATE_INFOPLIST_FILE = YES;
				IPHONEOS_DEPLOYMENT_TARGET = 18.4;
				MARKETING_VERSION = 1.0;
				PRODUCT_BUNDLE_IDENTIFIER = com.yeldana.effectivemobileTests;
				PRODUCT_NAME = "$(TARGET_NAME)";
				SWIFT_EMIT_LOC_STRINGS = NO;
				SWIFT_VERSION = 5.0;
				TARGETED_DEVICE_FAMILY = "1,2";
				TEST_HOST = "$(BUILT_PRODUCTS_DIR)/effectivemobile.app/$(BUNDLE_EXECUTABLE_FOLDER_PATH)/effectivemobile";
			};
			name = Debug;
		};
		436080962E82B1AE0021E53E /* Release */ = {
			isa = XCBuildConfiguration;
			buildSettings = {
				BUNDLE_LOADER = "$(TEST_HOST)";
				CODE_SIGN_STYLE = Automatic;
				CURRENT_PROJECT_VERSION = 1;
				DEVELOPMENT_TEAM = 2G9P37MK73;
				GENERATE_INFOPLIST_FILE = YES;
				IPHONEOS_DEPLOYMENT_TARGET = 18.4;
				MARKETING_VERSION = 1.0;
				PRODUCT_BUNDLE_IDENTIFIER = com.yeldana.effectivemobileTests;
				PRODUCT_NAME = "$(TARGET_NAME)";
				SWIFT_EMIT_LOC_STRINGS = NO;
				SWIFT_VERSION = 5.0;
				TARGETED_DEVICE_FAMILY = "1,2";
				TEST_HOST = "$(BUILT_PRODUCTS_DIR)/effectivemobile.app/$(BUNDLE_EXECUTABLE_FOLDER_PATH)/effectivemobile";
			};
			name = Release;
		};
		436080982E82B1AE0021E53E /* Debug */ = {
			isa = XCBuildConfiguration;
			buildSettings = {
				CODE_SIGN_STYLE = Automatic;
				CURRENT_PROJECT_VERSION = 1;
				DEVELOPMENT_TEAM = 2G9P37MK73;
				GENERATE_INFOPLIST_FILE = YES;
				MARKETING_VERSION = 1.0;
				PRODUCT_BUNDLE_IDENTIFIER = com.yeldana.effectivemobileUITests;
				PRODUCT_NAME = "$(TARGET_NAME)";
				SWIFT_EMIT_LOC_STRINGS = NO;
				SWIFT_VERSION = 5.0;
				TARGETED_DEVICE_FAMILY = "1,2";
				TEST_TARGET_NAME = effectivemobile;
			};
			name = Debug;
		};
		436080992E82B1AE0021E53E /* Release */ = {
			isa = XCBuildConfiguration;
			buildSettings = {
				CODE_SIGN_STYLE = Automatic;
				CURRENT_PROJECT_VERSION = 1;
				DEVELOPMENT_TEAM = 2G9P37MK73;
				GENERATE_INFOPLIST_FILE = YES;
				MARKETING_VERSION = 1.0;
				PRODUCT_BUNDLE_IDENTIFIER = com.yeldana.effectivemobileUITests;
				PRODUCT_NAME = "$(TARGET_NAME)";
				SWIFT_EMIT_LOC_STRINGS = NO;
				SWIFT_VERSION = 5.0;
				TARGETED_DEVICE_FAMILY = "1,2";
				TEST_TARGET_NAME = effectivemobile;
			};
			name = Release;
		};
/* End XCBuildConfiguration section */

/* Begin XCConfigurationList section */
		436080612E82B1AC0021E53E /* Build configuration list for PBXProject "effectivemobile" */ = {
			isa = XCConfigurationList;
			buildConfigurations = (
				436080922E82B1AE0021E53E /* Debug */,
				436080932E82B1AE0021E53E /* Release */,
			);
			defaultConfigurationIsVisible = 0;
			defaultConfigurationName = Release;
		};
		4360808F2E82B1AE0021E53E /* Build configuration list for PBXNativeTarget "effectivemobile" */ = {
			isa = XCConfigurationList;
			buildConfigurations = (
				436080902E82B1AE0021E53E /* Debug */,
				436080912E82B1AE0021E53E /* Release */,
			);
			defaultConfigurationIsVisible = 0;
			defaultConfigurationName = Release;
		};
		436080942E82B1AE0021E53E /* Build configuration list for PBXNativeTarget "effectivemobileTests" */ = {
			isa = XCConfigurationList;
			buildConfigurations = (
				436080952E82B1AE0021E53E /* Debug */,
				436080962E82B1AE0021E53E /* Release */,
			);
			defaultConfigurationIsVisible = 0;
			defaultConfigurationName = Release;
		};
		436080972E82B1AE0021E53E /* Build configuration list for PBXNativeTarget "effectivemobileUITests" */ = {
			isa = XCConfigurationList;
			buildConfigurations = (
				436080982E82B1AE0021E53E /* Debug */,
				436080992E82B1AE0021E53E /* Release */,
			);
			defaultConfigurationIsVisible = 0;
			defaultConfigurationName = Release;
		};
/* End XCConfigurationList section */
	};
	rootObject = 4360805E2E82B1AC0021E53E /* Project object */;
}
